
Microsoft Visual Studio Solution File, Format Version 12.00
# Visual Studio Version 16
VisualStudioVersion = 16.0.32002.261
MinimumVisualStudioVersion = 10.0.40219.1
Project("{FAE04EC0-301F-11D3-BF4B-00C04F79EFBC}") = "Personel_Kayit", "Personel_Kayit\Personel_Kayit.csproj", "{6011DCD5-261A-46C0-ADEE-37EB3D66640E}"
EndProject
Global
	GlobalSection(SolutionConfigurationPlatforms) = preSolution
		Debug|Any CPU = Debug|Any CPU
		Release|Any CPU = Release|Any CPU
	EndGlobalSection
	GlobalSection(ProjectConfigurationPlatforms) = postSolution
		{6011DCD5-261A-46C0-ADEE-37EB3D66640E}.Debug|Any CPU.ActiveCfg = Debug|Any CPU
		{6011DCD5-261A-46C0-ADEE-37EB3D66640E}.Debug|Any CPU.Build.0 = Debug|Any CPU
		{6011DCD5-261A-46C0-ADEE-37EB3D66640E}.Release|Any CPU.ActiveCfg = Release|Any CPU
		{6011DCD5-261A-46C0-ADEE-37EB3D66640E}.Release|Any CPU.Build.0 = Release|Any CPU
	EndGlobalSection
	GlobalSection(SolutionProperties) = preSolution
		HideSolutionNode = FALSE
	EndGlobalSection
	GlobalSection(ExtensibilityGlobals) = postSolution
		SolutionGuid = {F7A8A5A8-93B7-4B73-BB1D-76CA65B28B40}
	EndGlobalSection
EndGlobal
